
Microsoft Visual Studio Solution File, Format Version 12.00
# Visual Studio 14
VisualStudioVersion = 14.0.25420.1
MinimumVisualStudioVersion = 10.0.40219.1
Project("{FAE04EC0-301F-11D3-BF4B-00C04F79EFBC}") = "SnakeLadderQuiz.Desktop", "Game2\SnakeLadderQuiz.Desktop.csproj", "{52CE015D-0409-4EAD-BAC4-096F29285B4B}"
EndProject
Project("{FAE04EC0-301F-11D3-BF4B-00C04F79EFBC}") = "SnakeLadderQuiz.Data", "SnakeLadderQuiz.Data\SnakeLadderQuiz.Data.csproj", "{49F73842-6004-4543-A207-B6E638132B5A}"
EndProject
Global
	GlobalSection(SolutionConfigurationPlatforms) = preSolution
		Debug|Any CPU = Debug|Any CPU
		Debug|x86 = Debug|x86
		Release|Any CPU = Release|Any CPU
		Release|x86 = Release|x86
	EndGlobalSection
	GlobalSection(ProjectConfigurationPlatforms) = postSolution
		{52CE015D-0409-4EAD-BAC4-096F29285B4B}.Debug|Any CPU.ActiveCfg = Debug|x86
		{52CE015D-0409-4EAD-BAC4-096F29285B4B}.Debug|x86.ActiveCfg = Debug|x86
		{52CE015D-0409-4EAD-BAC4-096F29285B4B}.Debug|x86.Build.0 = Debug|x86
		{52CE015D-0409-4EAD-BAC4-096F29285B4B}.Release|Any CPU.ActiveCfg = Release|x86
		{52CE015D-0409-4EAD-BAC4-096F29285B4B}.Release|x86.ActiveCfg = Release|x86
		{52CE015D-0409-4EAD-BAC4-096F29285B4B}.Release|x86.Build.0 = Release|x86
		{49F73842-6004-4543-A207-B6E638132B5A}.Debug|Any CPU.ActiveCfg = Debug|Any CPU
		{49F73842-6004-4543-A207-B6E638132B5A}.Debug|Any CPU.Build.0 = Debug|Any CPU
		{49F73842-6004-4543-A207-B6E638132B5A}.Debug|x86.ActiveCfg = Debug|Any CPU
		{49F73842-6004-4543-A207-B6E638132B5A}.Debug|x86.Build.0 = Debug|Any CPU
		{49F73842-6004-4543-A207-B6E638132B5A}.Release|Any CPU.ActiveCfg = Release|Any CPU
		{49F73842-6004-4543-A207-B6E638132B5A}.Release|Any CPU.Build.0 = Release|Any CPU
		{49F73842-6004-4543-A207-B6E638132B5A}.Release|x86.ActiveCfg = Release|Any CPU
		{49F73842-6004-4543-A207-B6E638132B5A}.Release|x86.Build.0 = Release|Any CPU
	EndGlobalSection
	GlobalSection(SolutionProperties) = preSolution
		HideSolutionNode = FALSE
	EndGlobalSection
EndGlobal
